{
  "pins" : [
    {
      "identity" : "tronweb",
      "kind" : "remoteSourceControl",
      "location" : "https://github.com/james19870606/TronWeb",
      "state" : {
        "revision" : "b4aec8f28a1e6014f4ba6fed4f1d5d1e0cfcc349",
        "version" : "1.1.4"
      }
    }
  ],
  "version" : 2
}
