{
  "pins" : [
    {
      "identity" : "tronweb",
      "kind" : "remoteSourceControl",
      "location" : "https://github.com/james19870606/TronWeb",
      "state" : {
        "revision" : "f1a1d4cca2bc6a923ed5945d659ac8a95066a5cf",
        "version" : "1.1.3"
      }
    }
  ],
  "version" : 2
}
